// !$*UTF8*$!
{
	archiveVersion = 1;
	classes = {
	};
	objectVersion = 55;
	objects = {

/* Begin PBXBuildFile section */
		BAC051AA292226ED0052BB95 /* Huckleberry.plist in Resources */ = {isa = PBXBuildFile; fileRef = BAC051A9292226ED0052BB95 /* Huckleberry.plist */; };
		BAC051AC292227BC0052BB95 /* BookDataSource.swift in Sources */ = {isa = PBXBuildFile; fileRef = BAC051AB292227BC0052BB95 /* BookDataSource.swift */; };
		BAC051AE292227E00052BB95 /* Book.swift in Sources */ = {isa = PBXBuildFile; fileRef = BAC051AD292227E00052BB95 /* Book.swift */; };
		BAC051B0292228100052BB95 /* ReusableIdentifier.swift in Sources */ = {isa = PBXBuildFile; fileRef = BAC051AF292228100052BB95 /* ReusableIdentifier.swift */; };
		BAD31908291FD89F00F068C9 /* AppDelegate.swift in Sources */ = {isa = PBXBuildFile; fileRef = BAD31907291FD89F00F068C9 /* AppDelegate.swift */; };
		BAD3190A291FD89F00F068C9 /* SceneDelegate.swift in Sources */ = {isa = PBXBuildFile; fileRef = BAD31909291FD89F00F068C9 /* SceneDelegate.swift */; };
		BAD31911291FD8A000F068C9 /* Assets.xcassets in Resources */ = {isa = PBXBuildFile; fileRef = BAD31910291FD8A000F068C9 /* Assets.xcassets */; };
		BAD31914291FD8A000F068C9 /* LaunchScreen.storyboard in Resources */ = {isa = PBXBuildFile; fileRef = BAD31912291FD8A000F068C9 /* LaunchScreen.storyboard */; };
		BAD3191C291FD91B00F068C9 /* TabBarController.swift in Sources */ = {isa = PBXBuildFile; fileRef = BAD3191B291FD91B00F068C9 /* TabBarController.swift */; };
		BAD31926291FDC0100F068C9 /* LineCell.swift in Sources */ = {isa = PBXBuildFile; fileRef = BAD31925291FDC0100F068C9 /* LineCell.swift */; };
		BAD3192D291FE03300F068C9 /* BookTableViewController.swift in Sources */ = {isa = PBXBuildFile; fileRef = BAD3192C291FE03300F068C9 /* BookTableViewController.swift */; };
/* End PBXBuildFile section */

/* Begin PBXFileReference section */
		BAC051A9292226ED0052BB95 /* Huckleberry.plist */ = {isa = PBXFileReference; fileEncoding = 4; lastKnownFileType = text.plist.xml; path = Huckleberry.plist; sourceTree = "<group>"; };
		BAC051AB292227BC0052BB95 /* BookDataSource.swift */ = {isa = PBXFileReference; lastKnownFileType = sourcecode.swift; path = BookDataSource.swift; sourceTree = "<group>"; };
		BAC051AD292227E00052BB95 /* Book.swift */ = {isa = PBXFileReference; lastKnownFileType = sourcecode.swift; path = Book.swift; sourceTree = "<group>"; };
		BAC051AF292228100052BB95 /* ReusableIdentifier.swift */ = {isa = PBXFileReference; lastKnownFileType = sourcecode.swift; path = ReusableIdentifier.swift; sourceTree = "<group>"; };
		BAD31904291FD89F00F068C9 /* ModernAutolayoutChapter13.app */ = {isa = PBXFileReference; explicitFileType = wrapper.application; includeInIndex = 0; path = ModernAutolayoutChapter13.app; sourceTree = BUILT_PRODUCTS_DIR; };
		BAD31907291FD89F00F068C9 /* AppDelegate.swift */ = {isa = PBXFileReference; lastKnownFileType = sourcecode.swift; path = AppDelegate.swift; sourceTree = "<group>"; };
		BAD31909291FD89F00F068C9 /* SceneDelegate.swift */ = {isa = PBXFileReference; lastKnownFileType = sourcecode.swift; path = SceneDelegate.swift; sourceTree = "<group>"; };
		BAD31910291FD8A000F068C9 /* Assets.xcassets */ = {isa = PBXFileReference; lastKnownFileType = folder.assetcatalog; path = Assets.xcassets; sourceTree = "<group>"; };
		BAD31913291FD8A000F068C9 /* Base */ = {isa = PBXFileReference; lastKnownFileType = file.storyboard; name = Base; path = Base.lproj/LaunchScreen.storyboard; sourceTree = "<group>"; };
		BAD31915291FD8A000F068C9 /* Info.plist */ = {isa = PBXFileReference; lastKnownFileType = text.plist.xml; path = Info.plist; sourceTree = "<group>"; };
		BAD3191B291FD91B00F068C9 /* TabBarController.swift */ = {isa = PBXFileReference; lastKnownFileType = sourcecode.swift; path = TabBarController.swift; sourceTree = "<group>"; };
		BAD31925291FDC0100F068C9 /* LineCell.swift */ = {isa = PBXFileReference; lastKnownFileType = sourcecode.swift; path = LineCell.swift; sourceTree = "<group>"; };
		BAD3192C291FE03300F068C9 /* BookTableViewController.swift */ = {isa = PBXFileReference; lastKnownFileType = sourcecode.swift; path = BookTableViewController.swift; sourceTree = "<group>"; };
/* End PBXFileReference section */

/* Begin PBXFrameworksBuildPhase section */
		BAD31901291FD89F00F068C9 /* Frameworks */ = {
			isa = PBXFrameworksBuildPhase;
			buildActionMask = 2147483647;
			files = (
			);
			runOnlyForDeploymentPostprocessing = 0;
		};
/* End PBXFrameworksBuildPhase section */

/* Begin PBXGroup section */
		BAD318FB291FD89F00F068C9 = {
			isa = PBXGroup;
			children = (
				BAD31906291FD89F00F068C9 /* ModernAutolayoutChapter13 */,
				BAD31905291FD89F00F068C9 /* Products */,
			);
			sourceTree = "<group>";
		};
		BAD31905291FD89F00F068C9 /* Products */ = {
			isa = PBXGroup;
			children = (
				BAD31904291FD89F00F068C9 /* ModernAutolayoutChapter13.app */,
			);
			name = Products;
			sourceTree = "<group>";
		};
		BAD31906291FD89F00F068C9 /* ModernAutolayoutChapter13 */ = {
			isa = PBXGroup;
			children = (
				BAD31907291FD89F00F068C9 /* AppDelegate.swift */,
				BAD31909291FD89F00F068C9 /* SceneDelegate.swift */,
				BAD3191B291FD91B00F068C9 /* TabBarController.swift */,
				BAD3192C291FE03300F068C9 /* BookTableViewController.swift */,
				BAC051AB292227BC0052BB95 /* BookDataSource.swift */,
				BAC051AD292227E00052BB95 /* Book.swift */,
				BAD31925291FDC0100F068C9 /* LineCell.swift */,
				BAC051AF292228100052BB95 /* ReusableIdentifier.swift */,
				BAD31910291FD8A000F068C9 /* Assets.xcassets */,
				BAD31912291FD8A000F068C9 /* LaunchScreen.storyboard */,
				BAD31915291FD8A000F068C9 /* Info.plist */,
				BAC051A9292226ED0052BB95 /* Huckleberry.plist */,
			);
			path = ModernAutolayoutChapter13;
			sourceTree = "<group>";
		};
/* End PBXGroup section */

/* Begin PBXNativeTarget section */
		BAD31903291FD89F00F068C9 /* ModernAutolayoutChapter13 */ = {
			isa = PBXNativeTarget;
			buildConfigurationList = BAD31918291FD8A000F068C9 /* Build configuration list for PBXNativeTarget "ModernAutolayoutChapter13" */;
			buildPhases = (
				BAD31900291FD89F00F068C9 /* Sources */,
				BAD31901291FD89F00F068C9 /* Frameworks */,
				BAD31902291FD89F00F068C9 /* Resources */,
			);
			buildRules = (
			);
			dependencies = (
			);
			name = ModernAutolayoutChapter13;
			productName = ModernAutolayoutChapter13;
			productReference = BAD31904291FD89F00F068C9 /* ModernAutolayoutChapter13.app */;
			productType = "com.apple.product-type.application";
		};
/* End PBXNativeTarget section */

/* Begin PBXProject section */
		BAD318FC291FD89F00F068C9 /* Project object */ = {
			isa = PBXProject;
			attributes = {
				BuildIndependentTargetsInParallel = 1;
				LastSwiftUpdateCheck = 1340;
				LastUpgradeCheck = 1340;
				TargetAttributes = {
					BAD31903291FD89F00F068C9 = {
						CreatedOnToolsVersion = 13.4.1;
					};
				};
			};
			buildConfigurationList = BAD318FF291FD89F00F068C9 /* Build configuration list for PBXProject "ModernAutolayoutChapter13" */;
			compatibilityVersion = "Xcode 13.0";
			developmentRegion = en;
			hasScannedForEncodings = 0;
			knownRegions = (
				en,
				Base,
			);
			mainGroup = BAD318FB291FD89F00F068C9;
			productRefGroup = BAD31905291FD89F00F068C9 /* Products */;
			projectDirPath = "";
			projectRoot = "";
			targets = (
				BAD31903291FD89F00F068C9 /* ModernAutolayoutChapter13 */,
			);
		};
/* End PBXProject section */

/* Begin PBXResourcesBuildPhase section */
		BAD31902291FD89F00F068C9 /* Resources */ = {
			isa = PBXResourcesBuildPhase;
			buildActionMask = 2147483647;
			files = (
				BAD31914291FD8A000F068C9 /* LaunchScreen.storyboard in Resources */,
				BAC051AA292226ED0052BB95 /* Huckleberry.plist in Resources */,
				BAD31911291FD8A000F068C9 /* Assets.xcassets in Resources */,
			);
			runOnlyForDeploymentPostprocessing = 0;
		};
/* End PBXResourcesBuildPhase section */

/* Begin PBXSourcesBuildPhase section */
		BAD31900291FD89F00F068C9 /* Sources */ = {
			isa = PBXSourcesBuildPhase;
			buildActionMask = 2147483647;
			files = (
				BAC051AE292227E00052BB95 /* Book.swift in Sources */,
				BAC051B0292228100052BB95 /* ReusableIdentifier.swift in Sources */,
				BAD3191C291FD91B00F068C9 /* TabBarController.swift in Sources */,
				BAD3192D291FE03300F068C9 /* BookTableViewController.swift in Sources */,
				BAD31908291FD89F00F068C9 /* AppDelegate.swift in Sources */,
				BAD3190A291FD89F00F068C9 /* SceneDelegate.swift in Sources */,
				BAD31926291FDC0100F068C9 /* LineCell.swift in Sources */,
				BAC051AC292227BC0052BB95 /* BookDataSource.swift in Sources */,
			);
			runOnlyForDeploymentPostprocessing = 0;
		};
/* End PBXSourcesBuildPhase section */

/* Begin PBXVariantGroup section */
		BAD31912291FD8A000F068C9 /* LaunchScreen.storyboard */ = {
			isa = PBXVariantGroup;
			children = (
				BAD31913291FD8A000F068C9 /* Base */,
			);
			name = LaunchScreen.storyboard;
			sourceTree = "<group>";
		};
/* End PBXVariantGroup section */

/* Begin XCBuildConfiguration section */
		BAD31916291FD8A000F068C9 /* Debug */ = {
			isa = XCBuildConfiguration;
			buildSettings = {
				ALWAYS_SEARCH_USER_PATHS = NO;
				CLANG_ANALYZER_NONNULL = YES;
				CLANG_ANALYZER_NUMBER_OBJECT_CONVERSION = YES_AGGRESSIVE;
				CLANG_CXX_LANGUAGE_STANDARD = "gnu++17";
				CLANG_ENABLE_MODULES = YES;
				CLANG_ENABLE_OBJC_ARC = YES;
				CLANG_ENABLE_OBJC_WEAK = YES;
				CLANG_WARN_BLOCK_CAPTURE_AUTORELEASING = YES;
				CLANG_WARN_BOOL_CONVERSION = YES;
				CLANG_WARN_COMMA = YES;
				CLANG_WARN_CONSTANT_CONVERSION = YES;
				CLANG_WARN_DEPRECATED_OBJC_IMPLEMENTATIONS = YES;
				CLANG_WARN_DIRECT_OBJC_ISA_USAGE = YES_ERROR;
				CLANG_WARN_DOCUMENTATION_COMMENTS = YES;
				CLANG_WARN_EMPTY_BODY = YES;
				CLANG_WARN_ENUM_CONVERSION = YES;
				CLANG_WARN_INFINITE_RECURSION = YES;
				CLANG_WARN_INT_CONVERSION = YES;
				CLANG_WARN_NON_LITERAL_NULL_CONVERSION = YES;
				CLANG_WARN_OBJC_IMPLICIT_RETAIN_SELF = YES;
				CLANG_WARN_OBJC_LITERAL_CONVERSION = YES;
				CLANG_WARN_OBJC_ROOT_CLASS = YES_ERROR;
				CLANG_WARN_QUOTED_INCLUDE_IN_FRAMEWORK_HEADER = YES;
				CLANG_WARN_RANGE_LOOP_ANALYSIS = YES;
				CLANG_WARN_STRICT_PROTOTYPES = YES;
				CLANG_WARN_SUSPICIOUS_MOVE = YES;
				CLANG_WARN_UNGUARDED_AVAILABILITY = YES_AGGRESSIVE;
				CLANG_WARN_UNREACHABLE_CODE = YES;
				CLANG_WARN__DUPLICATE_METHOD_MATCH = YES;
				COPY_PHASE_STRIP = NO;
				DEBUG_INFORMATION_FORMAT = dwarf;
				ENABLE_STRICT_OBJC_MSGSEND = YES;
				ENABLE_TESTABILITY = YES;
				GCC_C_LANGUAGE_STANDARD = gnu11;
				GCC_DYNAMIC_NO_PIC = NO;
				GCC_NO_COMMON_BLOCKS = YES;
				GCC_OPTIMIZATION_LEVEL = 0;
				GCC_PREPROCESSOR_DEFINITIONS = (
					"DEBUG=1",
					"$(inherited)",
				);
				GCC_WARN_64_TO_32_BIT_CONVERSION = YES;
				GCC_WARN_ABOUT_RETURN_TYPE = YES_ERROR;
				GCC_WARN_UNDECLARED_SELECTOR = YES;
				GCC_WARN_UNINITIALIZED_AUTOS = YES_AGGRESSIVE;
				GCC_WARN_UNUSED_FUNCTION = YES;
				GCC_WARN_UNUSED_VARIABLE = YES;
				IPHONEOS_DEPLOYMENT_TARGET = 15.5;
				MTL_ENABLE_DEBUG_INFO = INCLUDE_SOURCE;
				MTL_FAST_MATH = YES;
				ONLY_ACTIVE_ARCH = YES;
				SDKROOT = iphoneos;
				SWIFT_ACTIVE_COMPILATION_CONDITIONS = DEBUG;
				SWIFT_OPTIMIZATION_LEVEL = "-Onone";
			};
			name = Debug;
		};
		BAD31917291FD8A000F068C9 /* Release */ = {
			isa = XCBuildConfiguration;
			buildSettings = {
				ALWAYS_SEARCH_USER_PATHS = NO;
				CLANG_ANALYZER_NONNULL = YES;
				CLANG_ANALYZER_NUMBER_OBJECT_CONVERSION = YES_AGGRESSIVE;
				CLANG_CXX_LANGUAGE_STANDARD = "gnu++17";
				CLANG_ENABLE_MODULES = YES;
				CLANG_ENABLE_OBJC_ARC = YES;
				CLANG_ENABLE_OBJC_WEAK = YES;
				CLANG_WARN_BLOCK_CAPTURE_AUTORELEASING = YES;
				CLANG_WARN_BOOL_CONVERSION = YES;
				CLANG_WARN_COMMA = YES;
				CLANG_WARN_CONSTANT_CONVERSION = YES;
				CLANG_WARN_DEPRECATED_OBJC_IMPLEMENTATIONS = YES;
				CLANG_WARN_DIRECT_OBJC_ISA_USAGE = YES_ERROR;
				CLANG_WARN_DOCUMENTATION_COMMENTS = YES;
				CLANG_WARN_EMPTY_BODY = YES;
				CLANG_WARN_ENUM_CONVERSION = YES;
				CLANG_WARN_INFINITE_RECURSION = YES;
				CLANG_WARN_INT_CONVERSION = YES;
				CLANG_WARN_NON_LITERAL_NULL_CONVERSION = YES;
				CLANG_WARN_OBJC_IMPLICIT_RETAIN_SELF = YES;
				CLANG_WARN_OBJC_LITERAL_CONVERSION = YES;
				CLANG_WARN_OBJC_ROOT_CLASS = YES_ERROR;
				CLANG_WARN_QUOTED_INCLUDE_IN_FRAMEWORK_HEADER = YES;
				CLANG_WARN_RANGE_LOOP_ANALYSIS = YES;
				CLANG_WARN_STRICT_PROTOTYPES = YES;
				CLANG_WARN_SUSPICIOUS_MOVE = YES;
				CLANG_WARN_UNGUARDED_AVAILABILITY = YES_AGGRESSIVE;
				CLANG_WARN_UNREACHABLE_CODE = YES;
				CLANG_WARN__DUPLICATE_METHOD_MATCH = YES;
				COPY_PHASE_STRIP = NO;
				DEBUG_INFORMATION_FORMAT = "dwarf-with-dsym";
				ENABLE_NS_ASSERTIONS = NO;
				ENABLE_STRICT_OBJC_MSGSEND = YES;
				GCC_C_LANGUAGE_STANDARD = gnu11;
				GCC_NO_COMMON_BLOCKS = YES;
				GCC_WARN_64_TO_32_BIT_CONVERSION = YES;
				GCC_WARN_ABOUT_RETURN_TYPE = YES_ERROR;
				GCC_WARN_UNDECLARED_SELECTOR = YES;
				GCC_WARN_UNINITIALIZED_AUTOS = YES_AGGRESSIVE;
				GCC_WARN_UNUSED_FUNCTION = YES;
				GCC_WARN_UNUSED_VARIABLE = YES;
				IPHONEOS_DEPLOYMENT_TARGET = 15.5;
				MTL_ENABLE_DEBUG_INFO = NO;
				MTL_FAST_MATH = YES;
				SDKROOT = iphoneos;
				SWIFT_COMPILATION_MODE = wholemodule;
				SWIFT_OPTIMIZATION_LEVEL = "-O";
				VALIDATE_PRODUCT = YES;
			};
			name = Release;
		};
		BAD31919291FD8A000F068C9 /* Debug */ = {
			isa = XCBuildConfiguration;
			buildSettings = {
				ASSETCATALOG_COMPILER_APPICON_NAME = AppIcon;
				ASSETCATALOG_COMPILER_GLOBAL_ACCENT_COLOR_NAME = AccentColor;
				CODE_SIGN_STYLE = Automatic;
				CURRENT_PROJECT_VERSION = 1;
				DEVELOPMENT_TEAM = ZYA49Z9NMV;
				GENERATE_INFOPLIST_FILE = YES;
				INFOPLIST_FILE = ModernAutolayoutChapter13/Info.plist;
				INFOPLIST_KEY_UIApplicationSupportsIndirectInputEvents = YES;
				INFOPLIST_KEY_UILaunchStoryboardName = LaunchScreen;
				INFOPLIST_KEY_UISupportedInterfaceOrientations = "UIInterfaceOrientationPortrait UIInterfaceOrientationPortraitUpsideDown UIInterfaceOrientationLandscapeLeft UIInterfaceOrientationLandscapeRight";
				INFOPLIST_KEY_UISupportedInterfaceOrientations_iPad = "UIInterfaceOrientationPortrait UIInterfaceOrientationPortraitUpsideDown UIInterfaceOrientationLandscapeLeft UIInterfaceOrientationLandscapeRight";
				INFOPLIST_KEY_UISupportedInterfaceOrientations_iPhone = "UIInterfaceOrientationPortrait UIInterfaceOrientationLandscapeLeft UIInterfaceOrientationLandscapeRight";
				LD_RUNPATH_SEARCH_PATHS = (
					"$(inherited)",
					"@executable_path/Frameworks",
				);
				MARKETING_VERSION = 1.0;
				PRODUCT_BUNDLE_IDENTIFIER = Pavlomat.ModernAutolayoutChapter13;
				PRODUCT_NAME = "$(TARGET_NAME)";
				SWIFT_EMIT_LOC_STRINGS = YES;
				SWIFT_VERSION = 5.0;
				TARGETED_DEVICE_FAMILY = "1,2";
			};
			name = Debug;
		};
		BAD3191A291FD8A000F068C9 /* Release */ = {
			isa = XCBuildConfiguration;
			buildSettings = {
				ASSETCATALOG_COMPILER_APPICON_NAME = AppIcon;
				ASSETCATALOG_COMPILER_GLOBAL_ACCENT_COLOR_NAME = AccentColor;
				CODE_SIGN_STYLE = Automatic;
				CURRENT_PROJECT_VERSION = 1;
				DEVELOPMENT_TEAM = ZYA49Z9NMV;
				GENERATE_INFOPLIST_FILE = YES;
				INFOPLIST_FILE = ModernAutolayoutChapter13/Info.plist;
				INFOPLIST_KEY_UIApplicationSupportsIndirectInputEvents = YES;
				INFOPLIST_KEY_UILaunchStoryboardName = LaunchScreen;
				INFOPLIST_KEY_UISupportedInterfaceOrientations = "UIInterfaceOrientationPortrait UIInterfaceOrientationPortraitUpsideDown UIInterfaceOrientationLandscapeLeft UIInterfaceOrientationLandscapeRight";
				INFOPLIST_KEY_UISupportedInterfaceOrientations_iPad = "UIInterfaceOrientationPortrait UIInterfaceOrientationPortraitUpsideDown UIInterfaceOrientationLandscapeLeft UIInterfaceOrientationLandscapeRight";
				INFOPLIST_KEY_UISupportedInterfaceOrientations_iPhone = "UIInterfaceOrientationPortrait UIInterfaceOrientationLandscapeLeft UIInterfaceOrientationLandscapeRight";
				LD_RUNPATH_SEARCH_PATHS = (
					"$(inherited)",
					"@executable_path/Frameworks",
				);
				MARKETING_VERSION = 1.0;
				PRODUCT_BUNDLE_IDENTIFIER = Pavlomat.ModernAutolayoutChapter13;
				PRODUCT_NAME = "$(TARGET_NAME)";
				SWIFT_EMIT_LOC_STRINGS = YES;
				SWIFT_VERSION = 5.0;
				TARGETED_DEVICE_FAMILY = "1,2";
			};
			name = Release;
		};
/* End XCBuildConfiguration section */

/* Begin XCConfigurationList section */
		BAD318FF291FD89F00F068C9 /* Build configuration list for PBXProject "ModernAutolayoutChapter13" */ = {
			isa = XCConfigurationList;
			buildConfigurations = (
				BAD31916291FD8A000F068C9 /* Debug */,
				BAD31917291FD8A000F068C9 /* Release */,
			);
			defaultConfigurationIsVisible = 0;
			defaultConfigurationName = Release;
		};
		BAD31918291FD8A000F068C9 /* Build configuration list for PBXNativeTarget "ModernAutolayoutChapter13" */ = {
			isa = XCConfigurationList;
			buildConfigurations = (
				BAD31919291FD8A000F068C9 /* Debug */,
				BAD3191A291FD8A000F068C9 /* Release */,
			);
			defaultConfigurationIsVisible = 0;
			defaultConfigurationName = Release;
		};
/* End XCConfigurationList section */
	};
	rootObject = BAD318FC291FD89F00F068C9 /* Project object */;
}
